
Microsoft Visual Studio Solution File, Format Version 12.00
# Visual Studio Version 16
VisualStudioVersion = 16.0.32428.217
MinimumVisualStudioVersion = 10.0.40219.1
Project("{FAE04EC0-301F-11D3-BF4B-00C04F79EFBC}") = "ClassWork", "ClassWork\ClassWork.csproj", "{3267777C-C270-406A-A1B4-62442948462C}"
EndProject
Project("{FAE04EC0-301F-11D3-BF4B-00C04F79EFBC}") = "Asbtraction", "Asbtraction\Asbtraction.csproj", "{699B7813-E138-4DFE-9AC0-DABB844D8C9A}"
EndProject
Project("{FAE04EC0-301F-11D3-BF4B-00C04F79EFBC}") = "InterfaceType", "InterfaceType\InterfaceType.csproj", "{46F658CA-E5FC-4A86-AF58-57F667F42008}"
EndProject
Project("{FAE04EC0-301F-11D3-BF4B-00C04F79EFBC}") = "SealedKeyword", "SealedKeyword\SealedKeyword.csproj", "{15A6A975-617E-4465-A9EC-C76977B6E5B5}"
EndProject
Project("{FAE04EC0-301F-11D3-BF4B-00C04F79EFBC}") = "StaticExtension", "StaticExtension\StaticExtension.csproj", "{0043EFF3-33FE-4CE9-8481-FEC75EFFD2FB}"
EndProject
Global
	GlobalSection(SolutionConfigurationPlatforms) = preSolution
		Debug|Any CPU = Debug|Any CPU
		Release|Any CPU = Release|Any CPU
	EndGlobalSection
	GlobalSection(ProjectConfigurationPlatforms) = postSolution
		{3267777C-C270-406A-A1B4-62442948462C}.Debug|Any CPU.ActiveCfg = Debug|Any CPU
		{3267777C-C270-406A-A1B4-62442948462C}.Debug|Any CPU.Build.0 = Debug|Any CPU
		{3267777C-C270-406A-A1B4-62442948462C}.Release|Any CPU.ActiveCfg = Release|Any CPU
		{3267777C-C270-406A-A1B4-62442948462C}.Release|Any CPU.Build.0 = Release|Any CPU
		{699B7813-E138-4DFE-9AC0-DABB844D8C9A}.Debug|Any CPU.ActiveCfg = Debug|Any CPU
		{699B7813-E138-4DFE-9AC0-DABB844D8C9A}.Debug|Any CPU.Build.0 = Debug|Any CPU
		{699B7813-E138-4DFE-9AC0-DABB844D8C9A}.Release|Any CPU.ActiveCfg = Release|Any CPU
		{699B7813-E138-4DFE-9AC0-DABB844D8C9A}.Release|Any CPU.Build.0 = Release|Any CPU
		{46F658CA-E5FC-4A86-AF58-57F667F42008}.Debug|Any CPU.ActiveCfg = Debug|Any CPU
		{46F658CA-E5FC-4A86-AF58-57F667F42008}.Debug|Any CPU.Build.0 = Debug|Any CPU
		{46F658CA-E5FC-4A86-AF58-57F667F42008}.Release|Any CPU.ActiveCfg = Release|Any CPU
		{46F658CA-E5FC-4A86-AF58-57F667F42008}.Release|Any CPU.Build.0 = Release|Any CPU
		{15A6A975-617E-4465-A9EC-C76977B6E5B5}.Debug|Any CPU.ActiveCfg = Debug|Any CPU
		{15A6A975-617E-4465-A9EC-C76977B6E5B5}.Debug|Any CPU.Build.0 = Debug|Any CPU
		{15A6A975-617E-4465-A9EC-C76977B6E5B5}.Release|Any CPU.ActiveCfg = Release|Any CPU
		{15A6A975-617E-4465-A9EC-C76977B6E5B5}.Release|Any CPU.Build.0 = Release|Any CPU
		{0043EFF3-33FE-4CE9-8481-FEC75EFFD2FB}.Debug|Any CPU.ActiveCfg = Debug|Any CPU
		{0043EFF3-33FE-4CE9-8481-FEC75EFFD2FB}.Debug|Any CPU.Build.0 = Debug|Any CPU
		{0043EFF3-33FE-4CE9-8481-FEC75EFFD2FB}.Release|Any CPU.ActiveCfg = Release|Any CPU
		{0043EFF3-33FE-4CE9-8481-FEC75EFFD2FB}.Release|Any CPU.Build.0 = Release|Any CPU
	EndGlobalSection
	GlobalSection(SolutionProperties) = preSolution
		HideSolutionNode = FALSE
	EndGlobalSection
	GlobalSection(ExtensibilityGlobals) = postSolution
		SolutionGuid = {B59C74FD-E153-444A-AF92-957E526FED0B}
	EndGlobalSection
EndGlobal
